
Microsoft Visual Studio Solution File, Format Version 12.00
# Visual Studio 2012
Project("{FAE04EC0-301F-11D3-BF4B-00C04F79EFBC}") = "TimeTappDroid", "TimeTappDroid\TimeTappDroid.csproj", "{9D53BF08-815A-4A5D-BAE2-0922547CC6CD}"
EndProject
Project("{FAE04EC0-301F-11D3-BF4B-00C04F79EFBC}") = "TimeTappDroid.UITests", "TimeTappDroid.UITests\TimeTappDroid.UITests.csproj", "{403AEE0C-BA1E-447B-AC56-C0DECF68D16E}"
EndProject
Project("{D954291E-2A0B-460D-934E-DC6B0785DB48}") = "TimeTappShared", "TimeTappShared\TimeTappShared.shproj", "{75C5125F-DF3E-4616-82B4-1F2E64AB1B2F}"
EndProject
Global
	GlobalSection(SolutionConfigurationPlatforms) = preSolution
		Debug|Any CPU = Debug|Any CPU
		Release|Any CPU = Release|Any CPU
	EndGlobalSection
	GlobalSection(ProjectConfigurationPlatforms) = postSolution
		{403AEE0C-BA1E-447B-AC56-C0DECF68D16E}.Debug|Any CPU.ActiveCfg = Debug|Any CPU
		{403AEE0C-BA1E-447B-AC56-C0DECF68D16E}.Debug|Any CPU.Build.0 = Debug|Any CPU
		{403AEE0C-BA1E-447B-AC56-C0DECF68D16E}.Release|Any CPU.ActiveCfg = Release|Any CPU
		{403AEE0C-BA1E-447B-AC56-C0DECF68D16E}.Release|Any CPU.Build.0 = Release|Any CPU
		{9D53BF08-815A-4A5D-BAE2-0922547CC6CD}.Debug|Any CPU.ActiveCfg = Debug|Any CPU
		{9D53BF08-815A-4A5D-BAE2-0922547CC6CD}.Debug|Any CPU.Build.0 = Debug|Any CPU
		{9D53BF08-815A-4A5D-BAE2-0922547CC6CD}.Release|Any CPU.ActiveCfg = Release|Any CPU
		{9D53BF08-815A-4A5D-BAE2-0922547CC6CD}.Release|Any CPU.Build.0 = Release|Any CPU
	EndGlobalSection
EndGlobal
